
Microsoft Visual Studio Solution File, Format Version 12.00
# Visual Studio Version 16
VisualStudioVersion = 16.0.30114.105
MinimumVisualStudioVersion = 10.0.40219.1
Project("{2150E333-8FDC-42A3-9474-1A3956D46DE8}") = "src", "src", "{7697D579-B9F1-484B-A8D3-AB74644313E2}"
EndProject
Project("{FAE04EC0-301F-11D3-BF4B-00C04F79EFBC}") = "Dynatrace.MetricUtils", "src\Dynatrace.MetricUtils\Dynatrace.MetricUtils.csproj", "{35050C1F-A51F-49A7-8B8B-69D901C1DC8F}"
EndProject
Project("{2150E333-8FDC-42A3-9474-1A3956D46DE8}") = "test", "test", "{8C9A1FB5-2AF4-43E8-B337-E155CF57774E}"
EndProject
Project("{FAE04EC0-301F-11D3-BF4B-00C04F79EFBC}") = "Dynatrace.MetricUtilsTests", "test\Dynatrace.MetricUtilsTests\Dynatrace.MetricUtilsTests.csproj", "{372C6FDC-BBA4-4F9B-A487-07BE9EB66384}"
EndProject
Global
	GlobalSection(SolutionConfigurationPlatforms) = preSolution
		Debug|Any CPU = Debug|Any CPU
		Debug|x64 = Debug|x64
		Debug|x86 = Debug|x86
		Release|Any CPU = Release|Any CPU
		Release|x64 = Release|x64
		Release|x86 = Release|x86
	EndGlobalSection
	GlobalSection(SolutionProperties) = preSolution
		HideSolutionNode = FALSE
	EndGlobalSection
	GlobalSection(ProjectConfigurationPlatforms) = postSolution
		{35050C1F-A51F-49A7-8B8B-69D901C1DC8F}.Debug|Any CPU.ActiveCfg = Debug|Any CPU
		{35050C1F-A51F-49A7-8B8B-69D901C1DC8F}.Debug|Any CPU.Build.0 = Debug|Any CPU
		{35050C1F-A51F-49A7-8B8B-69D901C1DC8F}.Debug|x64.ActiveCfg = Debug|Any CPU
		{35050C1F-A51F-49A7-8B8B-69D901C1DC8F}.Debug|x64.Build.0 = Debug|Any CPU
		{35050C1F-A51F-49A7-8B8B-69D901C1DC8F}.Debug|x86.ActiveCfg = Debug|Any CPU
		{35050C1F-A51F-49A7-8B8B-69D901C1DC8F}.Debug|x86.Build.0 = Debug|Any CPU
		{35050C1F-A51F-49A7-8B8B-69D901C1DC8F}.Release|Any CPU.ActiveCfg = Release|Any CPU
		{35050C1F-A51F-49A7-8B8B-69D901C1DC8F}.Release|Any CPU.Build.0 = Release|Any CPU
		{35050C1F-A51F-49A7-8B8B-69D901C1DC8F}.Release|x64.ActiveCfg = Release|Any CPU
		{35050C1F-A51F-49A7-8B8B-69D901C1DC8F}.Release|x64.Build.0 = Release|Any CPU
		{35050C1F-A51F-49A7-8B8B-69D901C1DC8F}.Release|x86.ActiveCfg = Release|Any CPU
		{35050C1F-A51F-49A7-8B8B-69D901C1DC8F}.Release|x86.Build.0 = Release|Any CPU
		{372C6FDC-BBA4-4F9B-A487-07BE9EB66384}.Debug|Any CPU.ActiveCfg = Debug|Any CPU
		{372C6FDC-BBA4-4F9B-A487-07BE9EB66384}.Debug|Any CPU.Build.0 = Debug|Any CPU
		{372C6FDC-BBA4-4F9B-A487-07BE9EB66384}.Debug|x64.ActiveCfg = Debug|Any CPU
		{372C6FDC-BBA4-4F9B-A487-07BE9EB66384}.Debug|x64.Build.0 = Debug|Any CPU
		{372C6FDC-BBA4-4F9B-A487-07BE9EB66384}.Debug|x86.ActiveCfg = Debug|Any CPU
		{372C6FDC-BBA4-4F9B-A487-07BE9EB66384}.Debug|x86.Build.0 = Debug|Any CPU
		{372C6FDC-BBA4-4F9B-A487-07BE9EB66384}.Release|Any CPU.ActiveCfg = Release|Any CPU
		{372C6FDC-BBA4-4F9B-A487-07BE9EB66384}.Release|Any CPU.Build.0 = Release|Any CPU
		{372C6FDC-BBA4-4F9B-A487-07BE9EB66384}.Release|x64.ActiveCfg = Release|Any CPU
		{372C6FDC-BBA4-4F9B-A487-07BE9EB66384}.Release|x64.Build.0 = Release|Any CPU
		{372C6FDC-BBA4-4F9B-A487-07BE9EB66384}.Release|x86.ActiveCfg = Release|Any CPU
		{372C6FDC-BBA4-4F9B-A487-07BE9EB66384}.Release|x86.Build.0 = Release|Any CPU
	EndGlobalSection
	GlobalSection(NestedProjects) = preSolution
		{35050C1F-A51F-49A7-8B8B-69D901C1DC8F} = {7697D579-B9F1-484B-A8D3-AB74644313E2}
		{372C6FDC-BBA4-4F9B-A487-07BE9EB66384} = {8C9A1FB5-2AF4-43E8-B337-E155CF57774E}
	EndGlobalSection
EndGlobal
