
Microsoft Visual Studio Solution File, Format Version 12.00
# Visual Studio Version 16
VisualStudioVersion = 16.0.30114.105
MinimumVisualStudioVersion = 10.0.40219.1
Project("{2150E333-8FDC-42A3-9474-1A3956D46DE8}") = "src", "src", "{7697D579-B9F1-484B-A8D3-AB74644313E2}"
EndProject
Project("{FAE04EC0-301F-11D3-BF4B-00C04F79EFBC}") = "Dynatrace.MetricUtils", "src\Dynatrace.MetricUtils\Dynatrace.MetricUtils.csproj", "{35050C1F-A51F-49A7-8B8B-69D901C1DC8F}"
EndProject
Project("{FAE04EC0-301F-11D3-BF4B-00C04F79EFBC}") = "Dynatrace.MetricUtils.Example", "src\Dynatrace.MetricUtils.Example\Dynatrace.MetricUtils.Example.csproj", "{A58EECA5-6CBC-42D6-85D2-B1681D3DC4DE}"
EndProject
Project("{2150E333-8FDC-42A3-9474-1A3956D46DE8}") = "test", "test", "{0B5887E9-772E-49B0-A75E-3A09238C480A}"
EndProject
Project("{FAE04EC0-301F-11D3-BF4B-00C04F79EFBC}") = "Dynatrace.MetricUtils.Tests", "test\Dynatrace.MetricUtils.Tests\Dynatrace.MetricUtils.Tests.csproj", "{02E72808-BF30-4F78-93FE-14815456A869}"
EndProject
Global
	GlobalSection(SolutionConfigurationPlatforms) = preSolution
		Debug|Any CPU = Debug|Any CPU
		Debug|x64 = Debug|x64
		Debug|x86 = Debug|x86
		Release|Any CPU = Release|Any CPU
		Release|x64 = Release|x64
		Release|x86 = Release|x86
	EndGlobalSection
	GlobalSection(SolutionProperties) = preSolution
		HideSolutionNode = FALSE
	EndGlobalSection
	GlobalSection(ProjectConfigurationPlatforms) = postSolution
		{35050C1F-A51F-49A7-8B8B-69D901C1DC8F}.Debug|Any CPU.ActiveCfg = Debug|Any CPU
		{35050C1F-A51F-49A7-8B8B-69D901C1DC8F}.Debug|Any CPU.Build.0 = Debug|Any CPU
		{35050C1F-A51F-49A7-8B8B-69D901C1DC8F}.Debug|x64.ActiveCfg = Debug|Any CPU
		{35050C1F-A51F-49A7-8B8B-69D901C1DC8F}.Debug|x64.Build.0 = Debug|Any CPU
		{35050C1F-A51F-49A7-8B8B-69D901C1DC8F}.Debug|x86.ActiveCfg = Debug|Any CPU
		{35050C1F-A51F-49A7-8B8B-69D901C1DC8F}.Debug|x86.Build.0 = Debug|Any CPU
		{35050C1F-A51F-49A7-8B8B-69D901C1DC8F}.Release|Any CPU.ActiveCfg = Release|Any CPU
		{35050C1F-A51F-49A7-8B8B-69D901C1DC8F}.Release|Any CPU.Build.0 = Release|Any CPU
		{35050C1F-A51F-49A7-8B8B-69D901C1DC8F}.Release|x64.ActiveCfg = Release|Any CPU
		{35050C1F-A51F-49A7-8B8B-69D901C1DC8F}.Release|x64.Build.0 = Release|Any CPU
		{35050C1F-A51F-49A7-8B8B-69D901C1DC8F}.Release|x86.ActiveCfg = Release|Any CPU
		{35050C1F-A51F-49A7-8B8B-69D901C1DC8F}.Release|x86.Build.0 = Release|Any CPU
		{A58EECA5-6CBC-42D6-85D2-B1681D3DC4DE}.Debug|Any CPU.ActiveCfg = Debug|Any CPU
		{A58EECA5-6CBC-42D6-85D2-B1681D3DC4DE}.Debug|Any CPU.Build.0 = Debug|Any CPU
		{A58EECA5-6CBC-42D6-85D2-B1681D3DC4DE}.Debug|x64.ActiveCfg = Debug|Any CPU
		{A58EECA5-6CBC-42D6-85D2-B1681D3DC4DE}.Debug|x64.Build.0 = Debug|Any CPU
		{A58EECA5-6CBC-42D6-85D2-B1681D3DC4DE}.Debug|x86.ActiveCfg = Debug|Any CPU
		{A58EECA5-6CBC-42D6-85D2-B1681D3DC4DE}.Debug|x86.Build.0 = Debug|Any CPU
		{A58EECA5-6CBC-42D6-85D2-B1681D3DC4DE}.Release|Any CPU.ActiveCfg = Release|Any CPU
		{A58EECA5-6CBC-42D6-85D2-B1681D3DC4DE}.Release|Any CPU.Build.0 = Release|Any CPU
		{A58EECA5-6CBC-42D6-85D2-B1681D3DC4DE}.Release|x64.ActiveCfg = Release|Any CPU
		{A58EECA5-6CBC-42D6-85D2-B1681D3DC4DE}.Release|x64.Build.0 = Release|Any CPU
		{A58EECA5-6CBC-42D6-85D2-B1681D3DC4DE}.Release|x86.ActiveCfg = Release|Any CPU
		{A58EECA5-6CBC-42D6-85D2-B1681D3DC4DE}.Release|x86.Build.0 = Release|Any CPU
		{02E72808-BF30-4F78-93FE-14815456A869}.Debug|Any CPU.ActiveCfg = Debug|Any CPU
		{02E72808-BF30-4F78-93FE-14815456A869}.Debug|Any CPU.Build.0 = Debug|Any CPU
		{02E72808-BF30-4F78-93FE-14815456A869}.Debug|x64.ActiveCfg = Debug|Any CPU
		{02E72808-BF30-4F78-93FE-14815456A869}.Debug|x64.Build.0 = Debug|Any CPU
		{02E72808-BF30-4F78-93FE-14815456A869}.Debug|x86.ActiveCfg = Debug|Any CPU
		{02E72808-BF30-4F78-93FE-14815456A869}.Debug|x86.Build.0 = Debug|Any CPU
		{02E72808-BF30-4F78-93FE-14815456A869}.Release|Any CPU.ActiveCfg = Release|Any CPU
		{02E72808-BF30-4F78-93FE-14815456A869}.Release|Any CPU.Build.0 = Release|Any CPU
		{02E72808-BF30-4F78-93FE-14815456A869}.Release|x64.ActiveCfg = Release|Any CPU
		{02E72808-BF30-4F78-93FE-14815456A869}.Release|x64.Build.0 = Release|Any CPU
		{02E72808-BF30-4F78-93FE-14815456A869}.Release|x86.ActiveCfg = Release|Any CPU
		{02E72808-BF30-4F78-93FE-14815456A869}.Release|x86.Build.0 = Release|Any CPU
	EndGlobalSection
	GlobalSection(NestedProjects) = preSolution
		{35050C1F-A51F-49A7-8B8B-69D901C1DC8F} = {7697D579-B9F1-484B-A8D3-AB74644313E2}
		{A58EECA5-6CBC-42D6-85D2-B1681D3DC4DE} = {7697D579-B9F1-484B-A8D3-AB74644313E2}
		{02E72808-BF30-4F78-93FE-14815456A869} = {0B5887E9-772E-49B0-A75E-3A09238C480A}
	EndGlobalSection
EndGlobal
